
Microsoft Visual Studio Solution File, Format Version 12.00
# Visual Studio 14
VisualStudioVersion = 14.0.25420.1
MinimumVisualStudioVersion = 10.0.40219.1
Project("{FAE04EC0-301F-11D3-BF4B-00C04F79EFBC}") = "NetCircuitBreaker", "NetCircuitBreaker\NetCircuitBreaker.csproj", "{A17F9443-7544-483F-B5C2-F72FF32631F1}"
EndProject
Project("{FAE04EC0-301F-11D3-BF4B-00C04F79EFBC}") = "NetCircuitBreaker.Test", "NetCircuitBreaker.Test\NetCircuitBreaker.Test.csproj", "{3A3FF7CD-3B7D-457D-8471-EA12F8DAFDDA}"
EndProject
Global
	GlobalSection(SolutionConfigurationPlatforms) = preSolution
		Debug|Any CPU = Debug|Any CPU
		Release|Any CPU = Release|Any CPU
	EndGlobalSection
	GlobalSection(ProjectConfigurationPlatforms) = postSolution
		{A17F9443-7544-483F-B5C2-F72FF32631F1}.Debug|Any CPU.ActiveCfg = Debug|Any CPU
		{A17F9443-7544-483F-B5C2-F72FF32631F1}.Debug|Any CPU.Build.0 = Debug|Any CPU
		{A17F9443-7544-483F-B5C2-F72FF32631F1}.Release|Any CPU.ActiveCfg = Release|Any CPU
		{A17F9443-7544-483F-B5C2-F72FF32631F1}.Release|Any CPU.Build.0 = Release|Any CPU
		{3A3FF7CD-3B7D-457D-8471-EA12F8DAFDDA}.Debug|Any CPU.ActiveCfg = Debug|Any CPU
		{3A3FF7CD-3B7D-457D-8471-EA12F8DAFDDA}.Debug|Any CPU.Build.0 = Debug|Any CPU
		{3A3FF7CD-3B7D-457D-8471-EA12F8DAFDDA}.Release|Any CPU.ActiveCfg = Release|Any CPU
		{3A3FF7CD-3B7D-457D-8471-EA12F8DAFDDA}.Release|Any CPU.Build.0 = Release|Any CPU
	EndGlobalSection
	GlobalSection(SolutionProperties) = preSolution
		HideSolutionNode = FALSE
	EndGlobalSection
EndGlobal
